
Microsoft Visual Studio Solution File, Format Version 11.00
# Visual Studio 2010
# SharpDevelop 4.4
Project("{FAE04EC0-301F-11D3-BF4B-00C04F79EFBC}") = "ninjectInCycle", "ninjectInCycle\ninjectInCycle.csproj", "{FF8BB6BD-2BA3-4CAD-97EC-8C356B05592A}"
EndProject
Global
	GlobalSection(SolutionConfigurationPlatforms) = preSolution
		Debug|Any CPU = Debug|Any CPU
		Release|Any CPU = Release|Any CPU
	EndGlobalSection
	GlobalSection(ProjectConfigurationPlatforms) = postSolution
		{FF8BB6BD-2BA3-4CAD-97EC-8C356B05592A}.Debug|Any CPU.Build.0 = Debug|Any CPU
		{FF8BB6BD-2BA3-4CAD-97EC-8C356B05592A}.Debug|Any CPU.ActiveCfg = Debug|Any CPU
		{FF8BB6BD-2BA3-4CAD-97EC-8C356B05592A}.Release|Any CPU.Build.0 = Release|Any CPU
		{FF8BB6BD-2BA3-4CAD-97EC-8C356B05592A}.Release|Any CPU.ActiveCfg = Release|Any CPU
	EndGlobalSection
EndGlobal
